
Microsoft Visual Studio Solution File, Format Version 12.00
# Visual Studio Version 16
VisualStudioVersion = 16.0.31515.178
MinimumVisualStudioVersion = 10.0.40219.1
Project("{9A19103F-16F7-4668-BE54-9A1E7A4F7556}") = "EMICalculatorAPI", "EMICalculatorAPI\EMICalculatorAPI.csproj", "{16BE4922-EC5A-4E76-A118-73E5BFB1FB82}"
EndProject
Global
	GlobalSection(SolutionConfigurationPlatforms) = preSolution
		Debug|Any CPU = Debug|Any CPU
		Release|Any CPU = Release|Any CPU
	EndGlobalSection
	GlobalSection(ProjectConfigurationPlatforms) = postSolution
		{16BE4922-EC5A-4E76-A118-73E5BFB1FB82}.Debug|Any CPU.ActiveCfg = Debug|Any CPU
		{16BE4922-EC5A-4E76-A118-73E5BFB1FB82}.Debug|Any CPU.Build.0 = Debug|Any CPU
		{16BE4922-EC5A-4E76-A118-73E5BFB1FB82}.Release|Any CPU.ActiveCfg = Release|Any CPU
		{16BE4922-EC5A-4E76-A118-73E5BFB1FB82}.Release|Any CPU.Build.0 = Release|Any CPU
	EndGlobalSection
	GlobalSection(SolutionProperties) = preSolution
		HideSolutionNode = FALSE
	EndGlobalSection
	GlobalSection(ExtensibilityGlobals) = postSolution
		SolutionGuid = {A9F39CF7-C940-44C4-B81C-9117D5D71803}
	EndGlobalSection
EndGlobal
